
Microsoft Visual Studio Solution File, Format Version 12.00
# Visual Studio Version 16
VisualStudioVersion = 25.0.1705.6
MinimumVisualStudioVersion = 10.0.40219.1
Project("{FAE04EC0-301F-11D3-BF4B-00C04F79EFBC}") = "UnitTests", "UnitTests.csproj", "{9B6BB725-A88A-4379-B637-8645D95C457D}"
EndProject
Project("{FAE04EC0-301F-11D3-BF4B-00C04F79EFBC}") = "NetworkUtility", "..\NetworkUtility\NetworkUtility.csproj", "{B163F484-D1BF-411A-A05E-4B9FA8AB1499}"
EndProject
Project("{FAE04EC0-301F-11D3-BF4B-00C04F79EFBC}") = "NetworkUtility.Tests", "..\NetworkUtility.Tests\NetworkUtility.Tests.csproj", "{2FFD359A-3B0E-4CDC-943E-6FEF07DF7090}"
EndProject
Global
	GlobalSection(SolutionConfigurationPlatforms) = preSolution
		Debug|Any CPU = Debug|Any CPU
		Release|Any CPU = Release|Any CPU
	EndGlobalSection
	GlobalSection(ProjectConfigurationPlatforms) = postSolution
		{9B6BB725-A88A-4379-B637-8645D95C457D}.Debug|Any CPU.ActiveCfg = Debug|Any CPU
		{9B6BB725-A88A-4379-B637-8645D95C457D}.Debug|Any CPU.Build.0 = Debug|Any CPU
		{9B6BB725-A88A-4379-B637-8645D95C457D}.Release|Any CPU.ActiveCfg = Release|Any CPU
		{9B6BB725-A88A-4379-B637-8645D95C457D}.Release|Any CPU.Build.0 = Release|Any CPU
		{B163F484-D1BF-411A-A05E-4B9FA8AB1499}.Debug|Any CPU.ActiveCfg = Debug|Any CPU
		{B163F484-D1BF-411A-A05E-4B9FA8AB1499}.Debug|Any CPU.Build.0 = Debug|Any CPU
		{B163F484-D1BF-411A-A05E-4B9FA8AB1499}.Release|Any CPU.ActiveCfg = Release|Any CPU
		{B163F484-D1BF-411A-A05E-4B9FA8AB1499}.Release|Any CPU.Build.0 = Release|Any CPU
		{2FFD359A-3B0E-4CDC-943E-6FEF07DF7090}.Debug|Any CPU.ActiveCfg = Debug|Any CPU
		{2FFD359A-3B0E-4CDC-943E-6FEF07DF7090}.Debug|Any CPU.Build.0 = Debug|Any CPU
		{2FFD359A-3B0E-4CDC-943E-6FEF07DF7090}.Release|Any CPU.ActiveCfg = Release|Any CPU
		{2FFD359A-3B0E-4CDC-943E-6FEF07DF7090}.Release|Any CPU.Build.0 = Release|Any CPU
	EndGlobalSection
	GlobalSection(SolutionProperties) = preSolution
		HideSolutionNode = FALSE
	EndGlobalSection
	GlobalSection(ExtensibilityGlobals) = postSolution
		SolutionGuid = {14697799-07ED-472D-A343-E880526C5B39}
	EndGlobalSection
EndGlobal
